
Microsoft Visual Studio Solution File, Format Version 12.00
# Visual Studio Version 16
VisualStudioVersion = 16.0.32510.428
MinimumVisualStudioVersion = 10.0.40219.1
Project("{9A19103F-16F7-4668-BE54-9A1E7A4F7556}") = "RedSheetApp1", "RedSheetApp1\RedSheetApp1.csproj", "{54881180-2900-4855-BDCD-61A886786DBD}"
EndProject
Global
	GlobalSection(SolutionConfigurationPlatforms) = preSolution
		Debug|Any CPU = Debug|Any CPU
		Release|Any CPU = Release|Any CPU
	EndGlobalSection
	GlobalSection(ProjectConfigurationPlatforms) = postSolution
		{54881180-2900-4855-BDCD-61A886786DBD}.Debug|Any CPU.ActiveCfg = Debug|Any CPU
		{54881180-2900-4855-BDCD-61A886786DBD}.Debug|Any CPU.Build.0 = Debug|Any CPU
		{54881180-2900-4855-BDCD-61A886786DBD}.Release|Any CPU.ActiveCfg = Release|Any CPU
		{54881180-2900-4855-BDCD-61A886786DBD}.Release|Any CPU.Build.0 = Release|Any CPU
	EndGlobalSection
	GlobalSection(SolutionProperties) = preSolution
		HideSolutionNode = FALSE
	EndGlobalSection
	GlobalSection(ExtensibilityGlobals) = postSolution
		SolutionGuid = {419F98A0-A389-4618-B31E-271504A9323E}
	EndGlobalSection
EndGlobal
